
Microsoft Visual Studio Solution File, Format Version 12.00
# Visual Studio Version 17
VisualStudioVersion = 17.2.32630.192
MinimumVisualStudioVersion = 10.0.40219.1
Project("{FAE04EC0-301F-11D3-BF4B-00C04F79EFBC}") = "FitnessProgram", "FitnessProgram\FitnessProgram.csproj", "{66C2DDC7-003A-4A2F-B738-9A916EFA1FAB}"
EndProject
Global
	GlobalSection(SolutionConfigurationPlatforms) = preSolution
		Debug|Any CPU = Debug|Any CPU
		Release|Any CPU = Release|Any CPU
	EndGlobalSection
	GlobalSection(ProjectConfigurationPlatforms) = postSolution
		{66C2DDC7-003A-4A2F-B738-9A916EFA1FAB}.Debug|Any CPU.ActiveCfg = Debug|Any CPU
		{66C2DDC7-003A-4A2F-B738-9A916EFA1FAB}.Debug|Any CPU.Build.0 = Debug|Any CPU
		{66C2DDC7-003A-4A2F-B738-9A916EFA1FAB}.Release|Any CPU.ActiveCfg = Release|Any CPU
		{66C2DDC7-003A-4A2F-B738-9A916EFA1FAB}.Release|Any CPU.Build.0 = Release|Any CPU
	EndGlobalSection
	GlobalSection(SolutionProperties) = preSolution
		HideSolutionNode = FALSE
	EndGlobalSection
	GlobalSection(ExtensibilityGlobals) = postSolution
		SolutionGuid = {9D033B41-17FF-495C-B4AD-0A16A6A3834E}
	EndGlobalSection
EndGlobal
